
Microsoft Visual Studio Solution File, Format Version 12.00
# Visual Studio 15
VisualStudioVersion = 15.0.28307.329
MinimumVisualStudioVersion = 10.0.40219.1
Project("{FAE04EC0-301F-11D3-BF4B-00C04F79EFBC}") = "BusyBee.Android", "BusyBee\BusyBee.Android\BusyBee.Android.csproj", "{81C115B3-061D-4750-82EC-367B2739C584}"
EndProject
Project("{FAE04EC0-301F-11D3-BF4B-00C04F79EFBC}") = "BusyBee.iOS", "BusyBee\BusyBee.iOS\BusyBee.iOS.csproj", "{FBA9D413-03C5-4180-AB43-8C55E2409835}"
EndProject
Project("{9A19103F-16F7-4668-BE54-9A1E7A4F7556}") = "BusyBee", "BusyBee\BusyBee\BusyBee.csproj", "{A5E8EF3F-6461-4EC2-AA1A-E2A676C827A6}"
EndProject
Project("{FAE04EC0-301F-11D3-BF4B-00C04F79EFBC}") = "BusyBee.UnitTest.Core", "Test\BusyBee.UnitTest.Core\BusyBee.UnitTest.Core.csproj", "{7F1604D1-39BB-49FF-8E99-558460F93BF5}"
EndProject
Project("{2150E333-8FDC-42A3-9474-1A3956D46DE8}") = "Test", "Test", "{3D0622FA-EF50-4DC1-B882-CB2D7354DDE9}"
EndProject
Project("{9A19103F-16F7-4668-BE54-9A1E7A4F7556}") = "BusyBee.UnitTests", "Test\BusyBee.UnitTests\BusyBee.UnitTests.csproj", "{E5068A89-C6F1-4F00-A936-5AB8C305B6E7}"
EndProject
Global
	GlobalSection(SolutionConfigurationPlatforms) = preSolution
		Ad-Hoc|Any CPU = Ad-Hoc|Any CPU
		Ad-Hoc|iPhone = Ad-Hoc|iPhone
		Ad-Hoc|iPhoneSimulator = Ad-Hoc|iPhoneSimulator
		AppStore|Any CPU = AppStore|Any CPU
		AppStore|iPhone = AppStore|iPhone
		AppStore|iPhoneSimulator = AppStore|iPhoneSimulator
		Debug|Any CPU = Debug|Any CPU
		Debug|iPhone = Debug|iPhone
		Debug|iPhoneSimulator = Debug|iPhoneSimulator
		Release|Any CPU = Release|Any CPU
		Release|iPhone = Release|iPhone
		Release|iPhoneSimulator = Release|iPhoneSimulator
	EndGlobalSection
	GlobalSection(ProjectConfigurationPlatforms) = postSolution
		{81C115B3-061D-4750-82EC-367B2739C584}.Ad-Hoc|Any CPU.ActiveCfg = Release|Any CPU
		{81C115B3-061D-4750-82EC-367B2739C584}.Ad-Hoc|Any CPU.Build.0 = Release|Any CPU
		{81C115B3-061D-4750-82EC-367B2739C584}.Ad-Hoc|Any CPU.Deploy.0 = Release|Any CPU
		{81C115B3-061D-4750-82EC-367B2739C584}.Ad-Hoc|iPhone.ActiveCfg = Release|Any CPU
		{81C115B3-061D-4750-82EC-367B2739C584}.Ad-Hoc|iPhone.Build.0 = Release|Any CPU
		{81C115B3-061D-4750-82EC-367B2739C584}.Ad-Hoc|iPhone.Deploy.0 = Release|Any CPU
		{81C115B3-061D-4750-82EC-367B2739C584}.Ad-Hoc|iPhoneSimulator.ActiveCfg = Release|Any CPU
		{81C115B3-061D-4750-82EC-367B2739C584}.Ad-Hoc|iPhoneSimulator.Build.0 = Release|Any CPU
		{81C115B3-061D-4750-82EC-367B2739C584}.Ad-Hoc|iPhoneSimulator.Deploy.0 = Release|Any CPU
		{81C115B3-061D-4750-82EC-367B2739C584}.AppStore|Any CPU.ActiveCfg = Release|Any CPU
		{81C115B3-061D-4750-82EC-367B2739C584}.AppStore|Any CPU.Build.0 = Release|Any CPU
		{81C115B3-061D-4750-82EC-367B2739C584}.AppStore|Any CPU.Deploy.0 = Release|Any CPU
		{81C115B3-061D-4750-82EC-367B2739C584}.AppStore|iPhone.ActiveCfg = Release|Any CPU
		{81C115B3-061D-4750-82EC-367B2739C584}.AppStore|iPhone.Build.0 = Release|Any CPU
		{81C115B3-061D-4750-82EC-367B2739C584}.AppStore|iPhone.Deploy.0 = Release|Any CPU
		{81C115B3-061D-4750-82EC-367B2739C584}.AppStore|iPhoneSimulator.ActiveCfg = Release|Any CPU
		{81C115B3-061D-4750-82EC-367B2739C584}.AppStore|iPhoneSimulator.Build.0 = Release|Any CPU
		{81C115B3-061D-4750-82EC-367B2739C584}.AppStore|iPhoneSimulator.Deploy.0 = Release|Any CPU
		{81C115B3-061D-4750-82EC-367B2739C584}.Debug|Any CPU.ActiveCfg = Debug|Any CPU
		{81C115B3-061D-4750-82EC-367B2739C584}.Debug|Any CPU.Build.0 = Debug|Any CPU
		{81C115B3-061D-4750-82EC-367B2739C584}.Debug|Any CPU.Deploy.0 = Debug|Any CPU
		{81C115B3-061D-4750-82EC-367B2739C584}.Debug|iPhone.ActiveCfg = Debug|Any CPU
		{81C115B3-061D-4750-82EC-367B2739C584}.Debug|iPhone.Build.0 = Debug|Any CPU
		{81C115B3-061D-4750-82EC-367B2739C584}.Debug|iPhone.Deploy.0 = Debug|Any CPU
		{81C115B3-061D-4750-82EC-367B2739C584}.Debug|iPhoneSimulator.ActiveCfg = Debug|Any CPU
		{81C115B3-061D-4750-82EC-367B2739C584}.Release|Any CPU.ActiveCfg = Release|Any CPU
		{81C115B3-061D-4750-82EC-367B2739C584}.Release|Any CPU.Build.0 = Release|Any CPU
		{81C115B3-061D-4750-82EC-367B2739C584}.Release|Any CPU.Deploy.0 = Release|Any CPU
		{81C115B3-061D-4750-82EC-367B2739C584}.Release|iPhone.ActiveCfg = Release|Any CPU
		{81C115B3-061D-4750-82EC-367B2739C584}.Release|iPhone.Build.0 = Release|Any CPU
		{81C115B3-061D-4750-82EC-367B2739C584}.Release|iPhone.Deploy.0 = Release|Any CPU
		{81C115B3-061D-4750-82EC-367B2739C584}.Release|iPhoneSimulator.ActiveCfg = Release|Any CPU
		{81C115B3-061D-4750-82EC-367B2739C584}.Release|iPhoneSimulator.Build.0 = Release|Any CPU
		{81C115B3-061D-4750-82EC-367B2739C584}.Release|iPhoneSimulator.Deploy.0 = Release|Any CPU
		{FBA9D413-03C5-4180-AB43-8C55E2409835}.Ad-Hoc|Any CPU.ActiveCfg = Ad-Hoc|iPhone
		{FBA9D413-03C5-4180-AB43-8C55E2409835}.Ad-Hoc|Any CPU.Build.0 = Ad-Hoc|iPhone
		{FBA9D413-03C5-4180-AB43-8C55E2409835}.Ad-Hoc|Any CPU.Deploy.0 = Ad-Hoc|iPhone
		{FBA9D413-03C5-4180-AB43-8C55E2409835}.Ad-Hoc|iPhone.ActiveCfg = Ad-Hoc|iPhone
		{FBA9D413-03C5-4180-AB43-8C55E2409835}.Ad-Hoc|iPhone.Build.0 = Ad-Hoc|iPhone
		{FBA9D413-03C5-4180-AB43-8C55E2409835}.Ad-Hoc|iPhone.Deploy.0 = Ad-Hoc|iPhone
		{FBA9D413-03C5-4180-AB43-8C55E2409835}.Ad-Hoc|iPhoneSimulator.ActiveCfg = Ad-Hoc|iPhoneSimulator
		{FBA9D413-03C5-4180-AB43-8C55E2409835}.Ad-Hoc|iPhoneSimulator.Build.0 = Ad-Hoc|iPhoneSimulator
		{FBA9D413-03C5-4180-AB43-8C55E2409835}.Ad-Hoc|iPhoneSimulator.Deploy.0 = Ad-Hoc|iPhoneSimulator
		{FBA9D413-03C5-4180-AB43-8C55E2409835}.AppStore|Any CPU.ActiveCfg = AppStore|iPhone
		{FBA9D413-03C5-4180-AB43-8C55E2409835}.AppStore|Any CPU.Build.0 = AppStore|iPhone
		{FBA9D413-03C5-4180-AB43-8C55E2409835}.AppStore|Any CPU.Deploy.0 = AppStore|iPhone
		{FBA9D413-03C5-4180-AB43-8C55E2409835}.AppStore|iPhone.ActiveCfg = AppStore|iPhone
		{FBA9D413-03C5-4180-AB43-8C55E2409835}.AppStore|iPhone.Build.0 = AppStore|iPhone
		{FBA9D413-03C5-4180-AB43-8C55E2409835}.AppStore|iPhone.Deploy.0 = AppStore|iPhone
		{FBA9D413-03C5-4180-AB43-8C55E2409835}.AppStore|iPhoneSimulator.ActiveCfg = AppStore|iPhoneSimulator
		{FBA9D413-03C5-4180-AB43-8C55E2409835}.AppStore|iPhoneSimulator.Build.0 = AppStore|iPhoneSimulator
		{FBA9D413-03C5-4180-AB43-8C55E2409835}.AppStore|iPhoneSimulator.Deploy.0 = AppStore|iPhoneSimulator
		{FBA9D413-03C5-4180-AB43-8C55E2409835}.Debug|Any CPU.ActiveCfg = Debug|iPhoneSimulator
		{FBA9D413-03C5-4180-AB43-8C55E2409835}.Debug|Any CPU.Build.0 = Debug|iPhoneSimulator
		{FBA9D413-03C5-4180-AB43-8C55E2409835}.Debug|Any CPU.Deploy.0 = Debug|iPhoneSimulator
		{FBA9D413-03C5-4180-AB43-8C55E2409835}.Debug|iPhone.ActiveCfg = Debug|iPhone
		{FBA9D413-03C5-4180-AB43-8C55E2409835}.Debug|iPhone.Build.0 = Debug|iPhone
		{FBA9D413-03C5-4180-AB43-8C55E2409835}.Debug|iPhone.Deploy.0 = Debug|iPhone
		{FBA9D413-03C5-4180-AB43-8C55E2409835}.Debug|iPhoneSimulator.ActiveCfg = Debug|iPhoneSimulator
		{FBA9D413-03C5-4180-AB43-8C55E2409835}.Debug|iPhoneSimulator.Build.0 = Debug|iPhoneSimulator
		{FBA9D413-03C5-4180-AB43-8C55E2409835}.Debug|iPhoneSimulator.Deploy.0 = Debug|iPhoneSimulator
		{FBA9D413-03C5-4180-AB43-8C55E2409835}.Release|Any CPU.ActiveCfg = Release|iPhone
		{FBA9D413-03C5-4180-AB43-8C55E2409835}.Release|Any CPU.Build.0 = Release|iPhone
		{FBA9D413-03C5-4180-AB43-8C55E2409835}.Release|Any CPU.Deploy.0 = Release|iPhone
		{FBA9D413-03C5-4180-AB43-8C55E2409835}.Release|iPhone.ActiveCfg = Release|iPhone
		{FBA9D413-03C5-4180-AB43-8C55E2409835}.Release|iPhone.Build.0 = Release|iPhone
		{FBA9D413-03C5-4180-AB43-8C55E2409835}.Release|iPhone.Deploy.0 = Release|iPhone
		{FBA9D413-03C5-4180-AB43-8C55E2409835}.Release|iPhoneSimulator.ActiveCfg = Release|iPhoneSimulator
		{FBA9D413-03C5-4180-AB43-8C55E2409835}.Release|iPhoneSimulator.Build.0 = Release|iPhoneSimulator
		{FBA9D413-03C5-4180-AB43-8C55E2409835}.Release|iPhoneSimulator.Deploy.0 = Release|iPhoneSimulator
		{A5E8EF3F-6461-4EC2-AA1A-E2A676C827A6}.Ad-Hoc|Any CPU.ActiveCfg = Debug|Any CPU
		{A5E8EF3F-6461-4EC2-AA1A-E2A676C827A6}.Ad-Hoc|Any CPU.Build.0 = Debug|Any CPU
		{A5E8EF3F-6461-4EC2-AA1A-E2A676C827A6}.Ad-Hoc|Any CPU.Deploy.0 = Debug|Any CPU
		{A5E8EF3F-6461-4EC2-AA1A-E2A676C827A6}.Ad-Hoc|iPhone.ActiveCfg = Debug|Any CPU
		{A5E8EF3F-6461-4EC2-AA1A-E2A676C827A6}.Ad-Hoc|iPhone.Build.0 = Debug|Any CPU
		{A5E8EF3F-6461-4EC2-AA1A-E2A676C827A6}.Ad-Hoc|iPhone.Deploy.0 = Debug|Any CPU
		{A5E8EF3F-6461-4EC2-AA1A-E2A676C827A6}.Ad-Hoc|iPhoneSimulator.ActiveCfg = Debug|Any CPU
		{A5E8EF3F-6461-4EC2-AA1A-E2A676C827A6}.Ad-Hoc|iPhoneSimulator.Build.0 = Debug|Any CPU
		{A5E8EF3F-6461-4EC2-AA1A-E2A676C827A6}.Ad-Hoc|iPhoneSimulator.Deploy.0 = Debug|Any CPU
		{A5E8EF3F-6461-4EC2-AA1A-E2A676C827A6}.AppStore|Any CPU.ActiveCfg = Debug|Any CPU
		{A5E8EF3F-6461-4EC2-AA1A-E2A676C827A6}.AppStore|Any CPU.Build.0 = Debug|Any CPU
		{A5E8EF3F-6461-4EC2-AA1A-E2A676C827A6}.AppStore|Any CPU.Deploy.0 = Debug|Any CPU
		{A5E8EF3F-6461-4EC2-AA1A-E2A676C827A6}.AppStore|iPhone.ActiveCfg = Debug|Any CPU
		{A5E8EF3F-6461-4EC2-AA1A-E2A676C827A6}.AppStore|iPhone.Build.0 = Debug|Any CPU
		{A5E8EF3F-6461-4EC2-AA1A-E2A676C827A6}.AppStore|iPhone.Deploy.0 = Debug|Any CPU
		{A5E8EF3F-6461-4EC2-AA1A-E2A676C827A6}.AppStore|iPhoneSimulator.ActiveCfg = Debug|Any CPU
		{A5E8EF3F-6461-4EC2-AA1A-E2A676C827A6}.AppStore|iPhoneSimulator.Build.0 = Debug|Any CPU
		{A5E8EF3F-6461-4EC2-AA1A-E2A676C827A6}.AppStore|iPhoneSimulator.Deploy.0 = Debug|Any CPU
		{A5E8EF3F-6461-4EC2-AA1A-E2A676C827A6}.Debug|Any CPU.ActiveCfg = Debug|Any CPU
		{A5E8EF3F-6461-4EC2-AA1A-E2A676C827A6}.Debug|Any CPU.Build.0 = Debug|Any CPU
		{A5E8EF3F-6461-4EC2-AA1A-E2A676C827A6}.Debug|Any CPU.Deploy.0 = Debug|Any CPU
		{A5E8EF3F-6461-4EC2-AA1A-E2A676C827A6}.Debug|iPhone.ActiveCfg = Debug|Any CPU
		{A5E8EF3F-6461-4EC2-AA1A-E2A676C827A6}.Debug|iPhone.Build.0 = Debug|Any CPU
		{A5E8EF3F-6461-4EC2-AA1A-E2A676C827A6}.Debug|iPhone.Deploy.0 = Debug|Any CPU
		{A5E8EF3F-6461-4EC2-AA1A-E2A676C827A6}.Debug|iPhoneSimulator.ActiveCfg = Debug|Any CPU
		{A5E8EF3F-6461-4EC2-AA1A-E2A676C827A6}.Debug|iPhoneSimulator.Build.0 = Debug|Any CPU
		{A5E8EF3F-6461-4EC2-AA1A-E2A676C827A6}.Debug|iPhoneSimulator.Deploy.0 = Debug|Any CPU
		{A5E8EF3F-6461-4EC2-AA1A-E2A676C827A6}.Release|Any CPU.ActiveCfg = Release|Any CPU
		{A5E8EF3F-6461-4EC2-AA1A-E2A676C827A6}.Release|Any CPU.Build.0 = Release|Any CPU
		{A5E8EF3F-6461-4EC2-AA1A-E2A676C827A6}.Release|Any CPU.Deploy.0 = Release|Any CPU
		{A5E8EF3F-6461-4EC2-AA1A-E2A676C827A6}.Release|iPhone.ActiveCfg = Release|Any CPU
		{A5E8EF3F-6461-4EC2-AA1A-E2A676C827A6}.Release|iPhone.Build.0 = Release|Any CPU
		{A5E8EF3F-6461-4EC2-AA1A-E2A676C827A6}.Release|iPhone.Deploy.0 = Release|Any CPU
		{A5E8EF3F-6461-4EC2-AA1A-E2A676C827A6}.Release|iPhoneSimulator.ActiveCfg = Release|Any CPU
		{A5E8EF3F-6461-4EC2-AA1A-E2A676C827A6}.Release|iPhoneSimulator.Build.0 = Release|Any CPU
		{A5E8EF3F-6461-4EC2-AA1A-E2A676C827A6}.Release|iPhoneSimulator.Deploy.0 = Release|Any CPU
		{7F1604D1-39BB-49FF-8E99-558460F93BF5}.Ad-Hoc|Any CPU.ActiveCfg = Debug|Any CPU
		{7F1604D1-39BB-49FF-8E99-558460F93BF5}.Ad-Hoc|Any CPU.Build.0 = Debug|Any CPU
		{7F1604D1-39BB-49FF-8E99-558460F93BF5}.Ad-Hoc|iPhone.ActiveCfg = Debug|Any CPU
		{7F1604D1-39BB-49FF-8E99-558460F93BF5}.Ad-Hoc|iPhone.Build.0 = Debug|Any CPU
		{7F1604D1-39BB-49FF-8E99-558460F93BF5}.Ad-Hoc|iPhoneSimulator.ActiveCfg = Debug|Any CPU
		{7F1604D1-39BB-49FF-8E99-558460F93BF5}.Ad-Hoc|iPhoneSimulator.Build.0 = Debug|Any CPU
		{7F1604D1-39BB-49FF-8E99-558460F93BF5}.AppStore|Any CPU.ActiveCfg = Debug|Any CPU
		{7F1604D1-39BB-49FF-8E99-558460F93BF5}.AppStore|Any CPU.Build.0 = Debug|Any CPU
		{7F1604D1-39BB-49FF-8E99-558460F93BF5}.AppStore|iPhone.ActiveCfg = Debug|Any CPU
		{7F1604D1-39BB-49FF-8E99-558460F93BF5}.AppStore|iPhone.Build.0 = Debug|Any CPU
		{7F1604D1-39BB-49FF-8E99-558460F93BF5}.AppStore|iPhoneSimulator.ActiveCfg = Debug|Any CPU
		{7F1604D1-39BB-49FF-8E99-558460F93BF5}.AppStore|iPhoneSimulator.Build.0 = Debug|Any CPU
		{7F1604D1-39BB-49FF-8E99-558460F93BF5}.Debug|Any CPU.ActiveCfg = Debug|Any CPU
		{7F1604D1-39BB-49FF-8E99-558460F93BF5}.Debug|Any CPU.Build.0 = Debug|Any CPU
		{7F1604D1-39BB-49FF-8E99-558460F93BF5}.Debug|iPhone.ActiveCfg = Debug|Any CPU
		{7F1604D1-39BB-49FF-8E99-558460F93BF5}.Debug|iPhone.Build.0 = Debug|Any CPU
		{7F1604D1-39BB-49FF-8E99-558460F93BF5}.Debug|iPhoneSimulator.ActiveCfg = Debug|Any CPU
		{7F1604D1-39BB-49FF-8E99-558460F93BF5}.Debug|iPhoneSimulator.Build.0 = Debug|Any CPU
		{7F1604D1-39BB-49FF-8E99-558460F93BF5}.Release|Any CPU.ActiveCfg = Release|Any CPU
		{7F1604D1-39BB-49FF-8E99-558460F93BF5}.Release|Any CPU.Build.0 = Release|Any CPU
		{7F1604D1-39BB-49FF-8E99-558460F93BF5}.Release|iPhone.ActiveCfg = Release|Any CPU
		{7F1604D1-39BB-49FF-8E99-558460F93BF5}.Release|iPhone.Build.0 = Release|Any CPU
		{7F1604D1-39BB-49FF-8E99-558460F93BF5}.Release|iPhoneSimulator.ActiveCfg = Release|Any CPU
		{7F1604D1-39BB-49FF-8E99-558460F93BF5}.Release|iPhoneSimulator.Build.0 = Release|Any CPU
		{E5068A89-C6F1-4F00-A936-5AB8C305B6E7}.Ad-Hoc|Any CPU.ActiveCfg = Debug|Any CPU
		{E5068A89-C6F1-4F00-A936-5AB8C305B6E7}.Ad-Hoc|Any CPU.Build.0 = Debug|Any CPU
		{E5068A89-C6F1-4F00-A936-5AB8C305B6E7}.Ad-Hoc|iPhone.ActiveCfg = Debug|Any CPU
		{E5068A89-C6F1-4F00-A936-5AB8C305B6E7}.Ad-Hoc|iPhone.Build.0 = Debug|Any CPU
		{E5068A89-C6F1-4F00-A936-5AB8C305B6E7}.Ad-Hoc|iPhoneSimulator.ActiveCfg = Debug|Any CPU
		{E5068A89-C6F1-4F00-A936-5AB8C305B6E7}.Ad-Hoc|iPhoneSimulator.Build.0 = Debug|Any CPU
		{E5068A89-C6F1-4F00-A936-5AB8C305B6E7}.AppStore|Any CPU.ActiveCfg = Debug|Any CPU
		{E5068A89-C6F1-4F00-A936-5AB8C305B6E7}.AppStore|Any CPU.Build.0 = Debug|Any CPU
		{E5068A89-C6F1-4F00-A936-5AB8C305B6E7}.AppStore|iPhone.ActiveCfg = Debug|Any CPU
		{E5068A89-C6F1-4F00-A936-5AB8C305B6E7}.AppStore|iPhone.Build.0 = Debug|Any CPU
		{E5068A89-C6F1-4F00-A936-5AB8C305B6E7}.AppStore|iPhoneSimulator.ActiveCfg = Debug|Any CPU
		{E5068A89-C6F1-4F00-A936-5AB8C305B6E7}.AppStore|iPhoneSimulator.Build.0 = Debug|Any CPU
		{E5068A89-C6F1-4F00-A936-5AB8C305B6E7}.Debug|Any CPU.ActiveCfg = Debug|Any CPU
		{E5068A89-C6F1-4F00-A936-5AB8C305B6E7}.Debug|Any CPU.Build.0 = Debug|Any CPU
		{E5068A89-C6F1-4F00-A936-5AB8C305B6E7}.Debug|iPhone.ActiveCfg = Debug|Any CPU
		{E5068A89-C6F1-4F00-A936-5AB8C305B6E7}.Debug|iPhone.Build.0 = Debug|Any CPU
		{E5068A89-C6F1-4F00-A936-5AB8C305B6E7}.Debug|iPhoneSimulator.ActiveCfg = Debug|Any CPU
		{E5068A89-C6F1-4F00-A936-5AB8C305B6E7}.Debug|iPhoneSimulator.Build.0 = Debug|Any CPU
		{E5068A89-C6F1-4F00-A936-5AB8C305B6E7}.Release|Any CPU.ActiveCfg = Release|Any CPU
		{E5068A89-C6F1-4F00-A936-5AB8C305B6E7}.Release|Any CPU.Build.0 = Release|Any CPU
		{E5068A89-C6F1-4F00-A936-5AB8C305B6E7}.Release|iPhone.ActiveCfg = Release|Any CPU
		{E5068A89-C6F1-4F00-A936-5AB8C305B6E7}.Release|iPhone.Build.0 = Release|Any CPU
		{E5068A89-C6F1-4F00-A936-5AB8C305B6E7}.Release|iPhoneSimulator.ActiveCfg = Release|Any CPU
		{E5068A89-C6F1-4F00-A936-5AB8C305B6E7}.Release|iPhoneSimulator.Build.0 = Release|Any CPU
	EndGlobalSection
	GlobalSection(SolutionProperties) = preSolution
		HideSolutionNode = FALSE
	EndGlobalSection
	GlobalSection(NestedProjects) = preSolution
		{7F1604D1-39BB-49FF-8E99-558460F93BF5} = {3D0622FA-EF50-4DC1-B882-CB2D7354DDE9}
		{E5068A89-C6F1-4F00-A936-5AB8C305B6E7} = {3D0622FA-EF50-4DC1-B882-CB2D7354DDE9}
	EndGlobalSection
	GlobalSection(ExtensibilityGlobals) = postSolution
		SolutionGuid = {58FF282E-1FFE-43E5-B8DA-902D86276AAB}
	EndGlobalSection
EndGlobal
